
Microsoft Visual Studio Solution File, Format Version 12.00
Project("{FAE04EC0-301F-11D3-BF4B-00C04F79EFBC}") = "13. Roman to Integer", "13. Roman to Integer\13. Roman to Integer.csproj", "{EE75B4AD-0431-4087-B55F-9B32C16D2419}"
EndProject
Global
	GlobalSection(SolutionConfigurationPlatforms) = preSolution
		Debug|Any CPU = Debug|Any CPU
		Release|Any CPU = Release|Any CPU
	EndGlobalSection
	GlobalSection(ProjectConfigurationPlatforms) = postSolution
		{EE75B4AD-0431-4087-B55F-9B32C16D2419}.Debug|Any CPU.ActiveCfg = Debug|Any CPU
		{EE75B4AD-0431-4087-B55F-9B32C16D2419}.Debug|Any CPU.Build.0 = Debug|Any CPU
		{EE75B4AD-0431-4087-B55F-9B32C16D2419}.Release|Any CPU.ActiveCfg = Release|Any CPU
		{EE75B4AD-0431-4087-B55F-9B32C16D2419}.Release|Any CPU.Build.0 = Release|Any CPU
	EndGlobalSection
EndGlobal
